{
  "name": "wp_MusicApi",
  "version": "1.0.0",
  "lockfileVersion": 1,
  "requires": true,
  "dependencies": {
    "@types/events": {
      "version": "3.0.0",
      "resolved": "https://registry.npm.taobao.org/@types/events/download/@types/events-3.0.0.tgz?cache=0&sync_timestamp=1605053443797&other_urls=https%3A%2F%2Fregistry.npm.taobao.org%2F%40types%2Fevents%2Fdownload%2F%40types%2Fevents-3.0.0.tgz",
      "integrity": "sha1-KGLz9Yqaf3w+eNefEw3U1xwlwqc="
    },
    "@types/formidable": {
      "version": "1.0.31",
      "resolved": "https://registry.npm.taobao.org/@types/formidable/download/@types/formidable-1.0.31.tgz",
      "integrity": "sha1-J0+dwtChqc4f7vSMJMoIWefslHs=",
      "requires": {
        "@types/events": "*",
        "@types/node": "*"
      }
    },
    "@types/node": {
      "version": "14.14.16",
      "resolved": "https://registry.npm.taobao.org/@types/node/download/@types/node-14.14.16.tgz?cache=0&sync_timestamp=1608758024430&other_urls=https%3A%2F%2Fregistry.npm.taobao.org%2F%40types%2Fnode%2Fdownload%2F%40types%2Fnode-14.14.16.tgz",
      "integrity": "sha1-PMNR+NSBAd6t/tTJ5PEWBI1De0s="
    },
    "accepts": {
      "version": "1.3.7",
      "resolved": "https://registry.npm.taobao.org/accepts/download/accepts-1.3.7.tgz",
      "integrity": "sha1-UxvHJlF6OytB+FACHGzBXqq1B80=",
      "requires": {
        "mime-types": "~2.1.24",
        "negotiator": "0.6.2"
      }
    },
    "any-promise": {
      "version": "1.3.0",
      "resolved": "https://registry.npm.taobao.org/any-promise/download/any-promise-1.3.0.tgz",
      "integrity": "sha1-q8av7tzqUugJzcA3au0845Y10X8="
    },
    "axios": {
      "version": "0.21.1",
      "resolved": "https://registry.npm.taobao.org/axios/download/axios-0.21.1.tgz",
      "integrity": "sha1-IlY0gZYvTWvemnbVFu8OXTwJsrg=",
      "requires": {
        "follow-redirects": "^1.10.0"
      }
    },
    "bytes": {
      "version": "3.1.0",
      "resolved": "https://registry.npm.taobao.org/bytes/download/bytes-3.1.0.tgz",
      "integrity": "sha1-9s95M6Ng4FiPqf3oVlHNx/gF0fY="
    },
    "cache-content-type": {
      "version": "1.0.1",
      "resolved": "https://registry.npm.taobao.org/cache-content-type/download/cache-content-type-1.0.1.tgz",
      "integrity": "sha1-A1zeKwjuISn0qDFeqPAKANuhRTw=",
      "requires": {
        "mime-types": "^2.1.18",
        "ylru": "^1.2.0"
      }
    },
    "co": {
      "version": "4.6.0",
      "resolved": "https://registry.npm.taobao.org/co/download/co-4.6.0.tgz",
      "integrity": "sha1-bqa989hTrlTMuOR7+gvz+QMfsYQ="
    },
    "co-body": {
      "version": "5.2.0",
      "resolved": "https://registry.npm.taobao.org/co-body/download/co-body-5.2.0.tgz",
      "integrity": "sha1-WgpljEYCkTHg46MG9nZHMC9xwSQ=",
      "requires": {
        "inflation": "^2.0.0",
        "qs": "^6.4.0",
        "raw-body": "^2.2.0",
        "type-is": "^1.6.14"
      }
    },
    "content-disposition": {
      "version": "0.5.3",
      "resolved": "https://registry.npm.taobao.org/content-disposition/download/content-disposition-0.5.3.tgz",
      "integrity": "sha1-4TDK9+cnkIfFYWwgB9BIVpiYT70=",
      "requires": {
        "safe-buffer": "5.1.2"
      }
    },
    "content-type": {
      "version": "1.0.4",
      "resolved": "https://registry.npm.taobao.org/content-type/download/content-type-1.0.4.tgz",
      "integrity": "sha1-4TjMdeBAxyexlm/l5fjJruJW/js="
    },
    "cookies": {
      "version": "0.8.0",
      "resolved": "https://registry.npm.taobao.org/cookies/download/cookies-0.8.0.tgz?cache=0&sync_timestamp=1570851324736&other_urls=https%3A%2F%2Fregistry.npm.taobao.org%2Fcookies%2Fdownload%2Fcookies-0.8.0.tgz",
      "integrity": "sha1-EpPOSzkXQKhAbjyYcOgoxLVPP5A=",
      "requires": {
        "depd": "~2.0.0",
        "keygrip": "~1.1.0"
      },
      "dependencies": {
        "depd": {
          "version": "2.0.0",
          "resolved": "https://registry.npm.taobao.org/depd/download/depd-2.0.0.tgz",
          "integrity": "sha1-tpYWPMdXVg0JzyLMj60Vcbeedt8="
        }
      }
    },
    "crypto-js": {
      "version": "4.0.0",
      "resolved": "https://registry.npm.taobao.org/crypto-js/download/crypto-js-4.0.0.tgz?cache=0&sync_timestamp=1581508804262&other_urls=https%3A%2F%2Fregistry.npm.taobao.org%2Fcrypto-js%2Fdownload%2Fcrypto-js-4.0.0.tgz",
      "integrity": "sha1-KQSrJnep0EKFai6i74DekuSjbcw="
    },
    "debug": {
      "version": "3.1.0",
      "resolved": "https://registry.npm.taobao.org/debug/download/debug-3.1.0.tgz?cache=0&sync_timestamp=1607566548985&other_urls=https%3A%2F%2Fregistry.npm.taobao.org%2Fdebug%2Fdownload%2Fdebug-3.1.0.tgz",
      "integrity": "sha1-W7WgZyYotkFJVmuhaBnmFRjGcmE=",
      "requires": {
        "ms": "2.0.0"
      }
    },
    "deep-equal": {
      "version": "1.0.1",
      "resolved": "https://registry.npm.taobao.org/deep-equal/download/deep-equal-1.0.1.tgz?cache=0&sync_timestamp=1606860281983&other_urls=https%3A%2F%2Fregistry.npm.taobao.org%2Fdeep-equal%2Fdownload%2Fdeep-equal-1.0.1.tgz",
      "integrity": "sha1-9dJgKStmDghO/0zbyfCK0yR0SLU="
    },
    "delegates": {
      "version": "1.0.0",
      "resolved": "https://registry.npm.taobao.org/delegates/download/delegates-1.0.0.tgz",
      "integrity": "sha1-hMbhWbgZBP3KWaDvRM2HDTElD5o="
    },
    "depd": {
      "version": "1.1.2",
      "resolved": "https://registry.npm.taobao.org/depd/download/depd-1.1.2.tgz",
      "integrity": "sha1-m81S4UwJd2PnSbJ0xDRu0uVgtak="
    },
    "destroy": {
      "version": "1.0.4",
      "resolved": "https://registry.npm.taobao.org/destroy/download/destroy-1.0.4.tgz",
      "integrity": "sha1-l4hXRCxEdJ5CBmE+N5RiBYJqvYA="
    },
    "dom-walk": {
      "version": "0.1.2",
      "resolved": "https://registry.npm.taobao.org/dom-walk/download/dom-walk-0.1.2.tgz",
      "integrity": "sha1-DFSL7wSPTR8qlySQAiNgYNqj/YQ="
    },
    "ee-first": {
      "version": "1.1.1",
      "resolved": "https://registry.npm.taobao.org/ee-first/download/ee-first-1.1.1.tgz",
      "integrity": "sha1-WQxhFWsK4vTwJVcyoViyZrxWsh0="
    },
    "encodeurl": {
      "version": "1.0.2",
      "resolved": "https://registry.npm.taobao.org/encodeurl/download/encodeurl-1.0.2.tgz",
      "integrity": "sha1-rT/0yG7C0CkyL1oCw6mmBslbP1k="
    },
    "escape-html": {
      "version": "1.0.3",
      "resolved": "https://registry.npm.taobao.org/escape-html/download/escape-html-1.0.3.tgz",
      "integrity": "sha1-Aljq5NPQwJdN4cFpGI7wBR0dGYg="
    },
    "follow-redirects": {
      "version": "1.13.1",
      "resolved": "https://registry.npm.taobao.org/follow-redirects/download/follow-redirects-1.13.1.tgz?cache=0&sync_timestamp=1607916866801&other_urls=https%3A%2F%2Fregistry.npm.taobao.org%2Ffollow-redirects%2Fdownload%2Ffollow-redirects-1.13.1.tgz",
      "integrity": "sha1-X2m4Ezds7k/QR0o6uoNd8Eq3Y7c="
    },
    "formidable": {
      "version": "1.2.2",
      "resolved": "https://registry.npm.taobao.org/formidable/download/formidable-1.2.2.tgz",
      "integrity": "sha1-v2muopcpgmdfAIZTQrmCmG9rjdk="
    },
    "fresh": {
      "version": "0.5.2",
      "resolved": "https://registry.npm.taobao.org/fresh/download/fresh-0.5.2.tgz",
      "integrity": "sha1-PYyt2Q2XZWn6g1qx+OSyOhBWBac="
    },
    "get-random-values": {
      "version": "1.2.2",
      "resolved": "https://registry.npm.taobao.org/get-random-values/download/get-random-values-1.2.2.tgz",
      "integrity": "sha1-8dlE0AJUM9U6K9mUG56XXZii9/8=",
      "requires": {
        "global": "^4.4.0"
      }
    },
    "global": {
      "version": "4.4.0",
      "resolved": "https://registry.npm.taobao.org/global/download/global-4.4.0.tgz",
      "integrity": "sha1-PnsQUXkAajI+1xqvyj6cV6XMZAY=",
      "requires": {
        "min-document": "^2.19.0",
        "process": "^0.11.10"
      }
    },
    "http-assert": {
      "version": "1.4.1",
      "resolved": "https://registry.npm.taobao.org/http-assert/download/http-assert-1.4.1.tgz",
      "integrity": "sha1-xfcl1neqfoc+9zYZm4lobM6zeHg=",
      "requires": {
        "deep-equal": "~1.0.1",
        "http-errors": "~1.7.2"
      },
      "dependencies": {
        "http-errors": {
          "version": "1.7.3",
          "resolved": "https://registry.npm.taobao.org/http-errors/download/http-errors-1.7.3.tgz?cache=0&sync_timestamp=1593407710477&other_urls=https%3A%2F%2Fregistry.npm.taobao.org%2Fhttp-errors%2Fdownload%2Fhttp-errors-1.7.3.tgz",
          "integrity": "sha1-bGGeT5xgMIw4UZSYwU+7EKrOuwY=",
          "requires": {
            "depd": "~1.1.2",
            "inherits": "2.0.4",
            "setprototypeof": "1.1.1",
            "statuses": ">= 1.5.0 < 2",
            "toidentifier": "1.0.0"
          }
        }
      }
    },
    "http-errors": {
      "version": "1.8.0",
      "resolved": "https://registry.npm.taobao.org/http-errors/download/http-errors-1.8.0.tgz?cache=0&sync_timestamp=1593407710477&other_urls=https%3A%2F%2Fregistry.npm.taobao.org%2Fhttp-errors%2Fdownload%2Fhttp-errors-1.8.0.tgz",
      "integrity": "sha1-ddG75JfhBE9R5O6ecEpi8o0zZQc=",
      "requires": {
        "depd": "~1.1.2",
        "inherits": "2.0.4",
        "setprototypeof": "1.2.0",
        "statuses": ">= 1.5.0 < 2",
        "toidentifier": "1.0.0"
      },
      "dependencies": {
        "setprototypeof": {
          "version": "1.2.0",
          "resolved": "https://registry.npm.taobao.org/setprototypeof/download/setprototypeof-1.2.0.tgz",
          "integrity": "sha1-ZsmiSnP5/CjL5msJ/tPTPcrxtCQ="
        }
      }
    },
    "iconv-lite": {
      "version": "0.6.2",
      "resolved": "https://registry.npm.taobao.org/iconv-lite/download/iconv-lite-0.6.2.tgz",
      "integrity": "sha1-zhPRh1sMOmdL1qBLf3awGxtt7QE=",
      "requires": {
        "safer-buffer": ">= 2.1.2 < 3.0.0"
      }
    },
    "inflation": {
      "version": "2.0.0",
      "resolved": "https://registry.npm.taobao.org/inflation/download/inflation-2.0.0.tgz",
      "integrity": "sha1-i0F+R8KPklpFEz2RTKH9OJEH8w8="
    },
    "inherits": {
      "version": "2.0.4",
      "resolved": "https://registry.npm.taobao.org/inherits/download/inherits-2.0.4.tgz",
      "integrity": "sha1-D6LGT5MpF8NDOg3tVTY6rjdBa3w="
    },
    "is-generator-function": {
      "version": "1.0.8",
      "resolved": "https://registry.npm.taobao.org/is-generator-function/download/is-generator-function-1.0.8.tgz",
      "integrity": "sha1-37XCsSDgKwqNnSxoBs1WIaqSL3s="
    },
    "keygrip": {
      "version": "1.1.0",
      "resolved": "https://registry.npm.taobao.org/keygrip/download/keygrip-1.1.0.tgz",
      "integrity": "sha1-hxsWgdXhWcYqRFsMdLYV4JF+ciY=",
      "requires": {
        "tsscmp": "1.0.6"
      }
    },
    "koa": {
      "version": "2.13.0",
      "resolved": "https://registry.npm.taobao.org/koa/download/koa-2.13.0.tgz",
      "integrity": "sha1-JSF+Be/TNYp+Xd7ADwo4DJtxtQE=",
      "requires": {
        "accepts": "^1.3.5",
        "cache-content-type": "^1.0.0",
        "content-disposition": "~0.5.2",
        "content-type": "^1.0.4",
        "cookies": "~0.8.0",
        "debug": "~3.1.0",
        "delegates": "^1.0.0",
        "depd": "^1.1.2",
        "destroy": "^1.0.4",
        "encodeurl": "^1.0.2",
        "escape-html": "^1.0.3",
        "fresh": "~0.5.2",
        "http-assert": "^1.3.0",
        "http-errors": "^1.6.3",
        "is-generator-function": "^1.0.7",
        "koa-compose": "^4.1.0",
        "koa-convert": "^1.2.0",
        "on-finished": "^2.3.0",
        "only": "~0.0.2",
        "parseurl": "^1.3.2",
        "statuses": "^1.5.0",
        "type-is": "^1.6.16",
        "vary": "^1.1.2"
      }
    },
    "koa-body": {
      "version": "4.2.0",
      "resolved": "https://registry.npm.taobao.org/koa-body/download/koa-body-4.2.0.tgz",
      "integrity": "sha1-NyKSCLggdhrKWCLRTF/FXO4xsm8=",
      "requires": {
        "@types/formidable": "^1.0.31",
        "co-body": "^5.1.1",
        "formidable": "^1.1.1"
      }
    },
    "koa-compose": {
      "version": "4.1.0",
      "resolved": "https://registry.npm.taobao.org/koa-compose/download/koa-compose-4.1.0.tgz",
      "integrity": "sha1-UHMGuTcZAdtBEhyBLpI9DWfT6Hc="
    },
    "koa-convert": {
      "version": "1.2.0",
      "resolved": "https://registry.npm.taobao.org/koa-convert/download/koa-convert-1.2.0.tgz",
      "integrity": "sha1-2kCHXfSd4FOQmNFwC1CCDOvNIdA=",
      "requires": {
        "co": "^4.6.0",
        "koa-compose": "^3.0.0"
      },
      "dependencies": {
        "koa-compose": {
          "version": "3.2.1",
          "resolved": "https://registry.npm.taobao.org/koa-compose/download/koa-compose-3.2.1.tgz",
          "integrity": "sha1-qFzLQLfZhtjlo0Wzoazo6rz1Tec=",
          "requires": {
            "any-promise": "^1.1.0"
          }
        }
      }
    },
    "koa-router": {
      "version": "10.0.0",
      "resolved": "https://registry.npm.taobao.org/koa-router/download/koa-router-10.0.0.tgz?cache=0&sync_timestamp=1604327514815&other_urls=https%3A%2F%2Fregistry.npm.taobao.org%2Fkoa-router%2Fdownload%2Fkoa-router-10.0.0.tgz",
      "integrity": "sha1-e8dqAxCFcx5h/JLBaDaHsvRN5qQ=",
      "requires": {
        "debug": "^4.1.1",
        "http-errors": "^1.7.3",
        "koa-compose": "^4.1.0",
        "methods": "^1.1.2",
        "path-to-regexp": "^6.1.0"
      },
      "dependencies": {
        "debug": {
          "version": "4.3.1",
          "resolved": "https://registry.npm.taobao.org/debug/download/debug-4.3.1.tgz?cache=0&sync_timestamp=1607566548985&other_urls=https%3A%2F%2Fregistry.npm.taobao.org%2Fdebug%2Fdownload%2Fdebug-4.3.1.tgz",
          "integrity": "sha1-8NIpxQXgxtjEmsVT0bE9wYP2su4=",
          "requires": {
            "ms": "2.1.2"
          }
        },
        "ms": {
          "version": "2.1.2",
          "resolved": "https://registry.npm.taobao.org/ms/download/ms-2.1.2.tgz?cache=0&sync_timestamp=1607433912031&other_urls=https%3A%2F%2Fregistry.npm.taobao.org%2Fms%2Fdownload%2Fms-2.1.2.tgz",
          "integrity": "sha1-0J0fNXtEP0kzgqjrPM0YOHKuYAk="
        }
      }
    },
    "koa2-cors": {
      "version": "2.0.6",
      "resolved": "https://registry.npm.taobao.org/koa2-cors/download/koa2-cors-2.0.6.tgz",
      "integrity": "sha1-mtI986C5u4RTC0b1lE8/tXYIZVQ="
    },
    "media-typer": {
      "version": "0.3.0",
      "resolved": "https://registry.npm.taobao.org/media-typer/download/media-typer-0.3.0.tgz",
      "integrity": "sha1-hxDXrwqmJvj/+hzgAWhUUmMlV0g="
    },
    "methods": {
      "version": "1.1.2",
      "resolved": "https://registry.npm.taobao.org/methods/download/methods-1.1.2.tgz",
      "integrity": "sha1-VSmk1nZUE07cxSZmVoNbD4Ua/O4="
    },
    "mime-db": {
      "version": "1.44.0",
      "resolved": "https://registry.npm.taobao.org/mime-db/download/mime-db-1.44.0.tgz?cache=0&sync_timestamp=1600831190342&other_urls=https%3A%2F%2Fregistry.npm.taobao.org%2Fmime-db%2Fdownload%2Fmime-db-1.44.0.tgz",
      "integrity": "sha1-+hHF6wrKEzS0Izy01S8QxaYnL5I="
    },
    "mime-types": {
      "version": "2.1.27",
      "resolved": "https://registry.npm.taobao.org/mime-types/download/mime-types-2.1.27.tgz",
      "integrity": "sha1-R5SfmOJ56lMRn1ci4PNOUpvsAJ8=",
      "requires": {
        "mime-db": "1.44.0"
      }
    },
    "min-document": {
      "version": "2.19.0",
      "resolved": "https://registry.npm.taobao.org/min-document/download/min-document-2.19.0.tgz",
      "integrity": "sha1-e9KC4/WELtKVu3SM3Z8f+iyCRoU=",
      "requires": {
        "dom-walk": "^0.1.0"
      }
    },
    "ms": {
      "version": "2.0.0",
      "resolved": "https://registry.npm.taobao.org/ms/download/ms-2.0.0.tgz?cache=0&sync_timestamp=1607433912031&other_urls=https%3A%2F%2Fregistry.npm.taobao.org%2Fms%2Fdownload%2Fms-2.0.0.tgz",
      "integrity": "sha1-VgiurfwAvmwpAd9fmGF4jeDVl8g="
    },
    "negotiator": {
      "version": "0.6.2",
      "resolved": "https://registry.npm.taobao.org/negotiator/download/negotiator-0.6.2.tgz",
      "integrity": "sha1-/qz3zPUlp3rpY0Q2pkiD/+yjRvs="
    },
    "node-jsencrypt": {
      "version": "1.0.0",
      "resolved": "https://registry.npm.taobao.org/node-jsencrypt/download/node-jsencrypt-1.0.0.tgz",
      "integrity": "sha1-g//O1BTsvhL+oBfGxYXJv8Sa0Zs=",
      "requires": {
        "get-random-values": "^1.2.0"
      }
    },
    "on-finished": {
      "version": "2.3.0",
      "resolved": "https://registry.npm.taobao.org/on-finished/download/on-finished-2.3.0.tgz",
      "integrity": "sha1-IPEzZIGwg811M3mSoWlxqi2QaUc=",
      "requires": {
        "ee-first": "1.1.1"
      }
    },
    "only": {
      "version": "0.0.2",
      "resolved": "https://registry.npm.taobao.org/only/download/only-0.0.2.tgz",
      "integrity": "sha1-Kv3oTQPlC5qO3EROMGEKcCle37Q="
    },
    "parseurl": {
      "version": "1.3.3",
      "resolved": "https://registry.npm.taobao.org/parseurl/download/parseurl-1.3.3.tgz",
      "integrity": "sha1-naGee+6NEt/wUT7Vt2lXeTvC6NQ="
    },
    "path-to-regexp": {
      "version": "6.2.0",
      "resolved": "https://registry.npm.taobao.org/path-to-regexp/download/path-to-regexp-6.2.0.tgz?cache=0&sync_timestamp=1601400491887&other_urls=https%3A%2F%2Fregistry.npm.taobao.org%2Fpath-to-regexp%2Fdownload%2Fpath-to-regexp-6.2.0.tgz",
      "integrity": "sha1-97OAMzYQTDRoia3s5hRmkjBkXzg="
    },
    "process": {
      "version": "0.11.10",
      "resolved": "https://registry.npm.taobao.org/process/download/process-0.11.10.tgz",
      "integrity": "sha1-czIwDoQBYb2j5podHZGn1LwW8YI="
    },
    "qs": {
      "version": "6.9.4",
      "resolved": "https://registry.npm.taobao.org/qs/download/qs-6.9.4.tgz",
      "integrity": "sha1-kJCykNH5FyjTwi5UhDykSupatoc="
    },
    "raw-body": {
      "version": "2.4.1",
      "resolved": "https://registry.npm.taobao.org/raw-body/download/raw-body-2.4.1.tgz",
      "integrity": "sha1-MKyC+Yu1rowVLmcUnayNVRU7Fow=",
      "requires": {
        "bytes": "3.1.0",
        "http-errors": "1.7.3",
        "iconv-lite": "0.4.24",
        "unpipe": "1.0.0"
      },
      "dependencies": {
        "http-errors": {
          "version": "1.7.3",
          "resolved": "https://registry.npm.taobao.org/http-errors/download/http-errors-1.7.3.tgz?cache=0&sync_timestamp=1593407710477&other_urls=https%3A%2F%2Fregistry.npm.taobao.org%2Fhttp-errors%2Fdownload%2Fhttp-errors-1.7.3.tgz",
          "integrity": "sha1-bGGeT5xgMIw4UZSYwU+7EKrOuwY=",
          "requires": {
            "depd": "~1.1.2",
            "inherits": "2.0.4",
            "setprototypeof": "1.1.1",
            "statuses": ">= 1.5.0 < 2",
            "toidentifier": "1.0.0"
          }
        },
        "iconv-lite": {
          "version": "0.4.24",
          "resolved": "https://registry.npm.taobao.org/iconv-lite/download/iconv-lite-0.4.24.tgz",
          "integrity": "sha1-ICK0sl+93CHS9SSXSkdKr+czkIs=",
          "requires": {
            "safer-buffer": ">= 2.1.2 < 3"
          }
        }
      }
    },
    "safe-buffer": {
      "version": "5.1.2",
      "resolved": "https://registry.npm.taobao.org/safe-buffer/download/safe-buffer-5.1.2.tgz?cache=0&sync_timestamp=1589129010497&other_urls=https%3A%2F%2Fregistry.npm.taobao.org%2Fsafe-buffer%2Fdownload%2Fsafe-buffer-5.1.2.tgz",
      "integrity": "sha1-mR7GnSluAxN0fVm9/St0XDX4go0="
    },
    "safer-buffer": {
      "version": "2.1.2",
      "resolved": "https://registry.npm.taobao.org/safer-buffer/download/safer-buffer-2.1.2.tgz",
      "integrity": "sha1-RPoWGwGHuVSd2Eu5GAL5vYOFzWo="
    },
    "setprototypeof": {
      "version": "1.1.1",
      "resolved": "https://registry.npm.taobao.org/setprototypeof/download/setprototypeof-1.1.1.tgz",
      "integrity": "sha1-fpWsskqpL1iF4KvvW6ExMw1K5oM="
    },
    "statuses": {
      "version": "1.5.0",
      "resolved": "https://registry.npm.taobao.org/statuses/download/statuses-1.5.0.tgz",
      "integrity": "sha1-Fhx9rBd2Wf2YEfQ3cfqZOBR4Yow="
    },
    "toidentifier": {
      "version": "1.0.0",
      "resolved": "https://registry.npm.taobao.org/toidentifier/download/toidentifier-1.0.0.tgz",
      "integrity": "sha1-fhvjRw8ed5SLxD2Uo8j013UrpVM="
    },
    "tsscmp": {
      "version": "1.0.6",
      "resolved": "https://registry.npm.taobao.org/tsscmp/download/tsscmp-1.0.6.tgz",
      "integrity": "sha1-hbmVg6w1iexL/vgltQAKqRHWBes="
    },
    "type-is": {
      "version": "1.6.18",
      "resolved": "https://registry.npm.taobao.org/type-is/download/type-is-1.6.18.tgz",
      "integrity": "sha1-TlUs0F3wlGfcvE73Od6J8s83wTE=",
      "requires": {
        "media-typer": "0.3.0",
        "mime-types": "~2.1.24"
      }
    },
    "unpipe": {
      "version": "1.0.0",
      "resolved": "https://registry.npm.taobao.org/unpipe/download/unpipe-1.0.0.tgz",
      "integrity": "sha1-sr9O6FFKrmFltIF4KdIbLvSZBOw="
    },
    "vary": {
      "version": "1.1.2",
      "resolved": "https://registry.npm.taobao.org/vary/download/vary-1.1.2.tgz",
      "integrity": "sha1-IpnwLG3tMNSllhsLn3RSShj2NPw="
    },
    "ylru": {
      "version": "1.2.1",
      "resolved": "https://registry.npm.taobao.org/ylru/download/ylru-1.2.1.tgz",
      "integrity": "sha1-9Xa2M0FUeYnB3nuiiHYJI7J/6E8="
    },
    "zlib": {
      "version": "1.0.5",
      "resolved": "https://registry.npm.taobao.org/zlib/download/zlib-1.0.5.tgz",
      "integrity": "sha1-bnyXL8NxxkWmr7A6sUdp3vEU/MA="
    }
  }
}
